// !$*UTF8*$!
{
	archiveVersion = 1;
	classes = {
	};
	objectVersion = 50;
	objects = {

/* Begin PBXBuildFile section */
		A161030D245922E7009747C7 /* SuggestionResView.xib in Resources */ = {isa = PBXBuildFile; fileRef = A161030C245922E7009747C7 /* SuggestionResView.xib */; };
		A161030F2459230F009747C7 /* AdsResView.xib in Resources */ = {isa = PBXBuildFile; fileRef = A161030E2459230F009747C7 /* AdsResView.xib */; };
		A161031124592322009747C7 /* NearyResView.xib in Resources */ = {isa = PBXBuildFile; fileRef = A161031024592322009747C7 /* NearyResView.xib */; };
		A161031324592331009747C7 /* CategoryResView.xib in Resources */ = {isa = PBXBuildFile; fileRef = A161031224592331009747C7 /* CategoryResView.xib */; };
		A161031524592342009747C7 /* NationalResView.xib in Resources */ = {isa = PBXBuildFile; fileRef = A161031424592342009747C7 /* NationalResView.xib */; };
		A1DF54052458392600171336 /* AppDelegate.swift in Sources */ = {isa = PBXBuildFile; fileRef = A1DF54042458392600171336 /* AppDelegate.swift */; };
		A1DF54072458392600171336 /* SceneDelegate.swift in Sources */ = {isa = PBXBuildFile; fileRef = A1DF54062458392600171336 /* SceneDelegate.swift */; };
		A1DF54092458392600171336 /* ViewController.swift in Sources */ = {isa = PBXBuildFile; fileRef = A1DF54082458392600171336 /* ViewController.swift */; };
		A1DF540C2458392600171336 /* Main.storyboard in Resources */ = {isa = PBXBuildFile; fileRef = A1DF540A2458392600171336 /* Main.storyboard */; };
		A1DF540E2458392800171336 /* Assets.xcassets in Resources */ = {isa = PBXBuildFile; fileRef = A1DF540D2458392800171336 /* Assets.xcassets */; };
		A1DF54112458392800171336 /* LaunchScreen.storyboard in Resources */ = {isa = PBXBuildFile; fileRef = A1DF540F2458392800171336 /* LaunchScreen.storyboard */; };
		A1DF542524583B6900171336 /* SuggestionResView.swift in Sources */ = {isa = PBXBuildFile; fileRef = A1DF542424583B6900171336 /* SuggestionResView.swift */; };
		A1DF542724583B7F00171336 /* SuggestionResCell.xib in Resources */ = {isa = PBXBuildFile; fileRef = A1DF542624583B7F00171336 /* SuggestionResCell.xib */; };
		A1DF542924583B8C00171336 /* SuggestionResCell.swift in Sources */ = {isa = PBXBuildFile; fileRef = A1DF542824583B8C00171336 /* SuggestionResCell.swift */; };
		A1DF542B24583E4900171336 /* AdsResView.swift in Sources */ = {isa = PBXBuildFile; fileRef = A1DF542A24583E4900171336 /* AdsResView.swift */; };
		A1DF542D24583E5900171336 /* AdsResCell.swift in Sources */ = {isa = PBXBuildFile; fileRef = A1DF542C24583E5900171336 /* AdsResCell.swift */; };
		A1DF542F24583E6B00171336 /* AdsResCell.xib in Resources */ = {isa = PBXBuildFile; fileRef = A1DF542E24583E6B00171336 /* AdsResCell.xib */; };
		A1DF543124583E8000171336 /* NearyResView.swift in Sources */ = {isa = PBXBuildFile; fileRef = A1DF543024583E8000171336 /* NearyResView.swift */; };
		A1DF543324583E8E00171336 /* NearyResCell.swift in Sources */ = {isa = PBXBuildFile; fileRef = A1DF543224583E8E00171336 /* NearyResCell.swift */; };
		A1DF543524583E9A00171336 /* NearyResCell.xib in Resources */ = {isa = PBXBuildFile; fileRef = A1DF543424583E9A00171336 /* NearyResCell.xib */; };
		A1DF543724583EBD00171336 /* CategoryResView.swift in Sources */ = {isa = PBXBuildFile; fileRef = A1DF543624583EBD00171336 /* CategoryResView.swift */; };
		A1DF543924583ECF00171336 /* CategoryResCell.swift in Sources */ = {isa = PBXBuildFile; fileRef = A1DF543824583ECF00171336 /* CategoryResCell.swift */; };
		A1DF543B24583ED800171336 /* CategoryResCell.xib in Resources */ = {isa = PBXBuildFile; fileRef = A1DF543A24583ED800171336 /* CategoryResCell.xib */; };
		A1DF543D24583EE500171336 /* NationalResView.swift in Sources */ = {isa = PBXBuildFile; fileRef = A1DF543C24583EE500171336 /* NationalResView.swift */; };
		A1DF543F24583EF600171336 /* NationalResCell.swift in Sources */ = {isa = PBXBuildFile; fileRef = A1DF543E24583EF600171336 /* NationalResCell.swift */; };
		A1DF544124583EFE00171336 /* NationalResCell.xib in Resources */ = {isa = PBXBuildFile; fileRef = A1DF544024583EFE00171336 /* NationalResCell.xib */; };
/* End PBXBuildFile section */

/* Begin PBXFileReference section */
		A161030C245922E7009747C7 /* SuggestionResView.xib */ = {isa = PBXFileReference; lastKnownFileType = file.xib; path = SuggestionResView.xib; sourceTree = "<group>"; };
		A161030E2459230F009747C7 /* AdsResView.xib */ = {isa = PBXFileReference; lastKnownFileType = file.xib; path = AdsResView.xib; sourceTree = "<group>"; };
		A161031024592322009747C7 /* NearyResView.xib */ = {isa = PBXFileReference; lastKnownFileType = file.xib; path = NearyResView.xib; sourceTree = "<group>"; };
		A161031224592331009747C7 /* CategoryResView.xib */ = {isa = PBXFileReference; lastKnownFileType = file.xib; path = CategoryResView.xib; sourceTree = "<group>"; };
		A161031424592342009747C7 /* NationalResView.xib */ = {isa = PBXFileReference; lastKnownFileType = file.xib; path = NationalResView.xib; sourceTree = "<group>"; };
		A1DF54012458392600171336 /* POCLandingJa.app */ = {isa = PBXFileReference; explicitFileType = wrapper.application; includeInIndex = 0; path = POCLandingJa.app; sourceTree = BUILT_PRODUCTS_DIR; };
		A1DF54042458392600171336 /* AppDelegate.swift */ = {isa = PBXFileReference; lastKnownFileType = sourcecode.swift; path = AppDelegate.swift; sourceTree = "<group>"; };
		A1DF54062458392600171336 /* SceneDelegate.swift */ = {isa = PBXFileReference; lastKnownFileType = sourcecode.swift; path = SceneDelegate.swift; sourceTree = "<group>"; };
		A1DF54082458392600171336 /* ViewController.swift */ = {isa = PBXFileReference; lastKnownFileType = sourcecode.swift; path = ViewController.swift; sourceTree = "<group>"; };
		A1DF540B2458392600171336 /* Base */ = {isa = PBXFileReference; lastKnownFileType = file.storyboard; name = Base; path = Base.lproj/Main.storyboard; sourceTree = "<group>"; };
		A1DF540D2458392800171336 /* Assets.xcassets */ = {isa = PBXFileReference; lastKnownFileType = folder.assetcatalog; path = Assets.xcassets; sourceTree = "<group>"; };
		A1DF54102458392800171336 /* Base */ = {isa = PBXFileReference; lastKnownFileType = file.storyboard; name = Base; path = Base.lproj/LaunchScreen.storyboard; sourceTree = "<group>"; };
		A1DF54122458392800171336 /* Info.plist */ = {isa = PBXFileReference; lastKnownFileType = text.plist.xml; path = Info.plist; sourceTree = "<group>"; };
		A1DF542424583B6900171336 /* SuggestionResView.swift */ = {isa = PBXFileReference; lastKnownFileType = sourcecode.swift; path = SuggestionResView.swift; sourceTree = "<group>"; };
		A1DF542624583B7F00171336 /* SuggestionResCell.xib */ = {isa = PBXFileReference; lastKnownFileType = file.xib; path = SuggestionResCell.xib; sourceTree = "<group>"; };
		A1DF542824583B8C00171336 /* SuggestionResCell.swift */ = {isa = PBXFileReference; lastKnownFileType = sourcecode.swift; path = SuggestionResCell.swift; sourceTree = "<group>"; };
		A1DF542A24583E4900171336 /* AdsResView.swift */ = {isa = PBXFileReference; lastKnownFileType = sourcecode.swift; path = AdsResView.swift; sourceTree = "<group>"; };
		A1DF542C24583E5900171336 /* AdsResCell.swift */ = {isa = PBXFileReference; lastKnownFileType = sourcecode.swift; path = AdsResCell.swift; sourceTree = "<group>"; };
		A1DF542E24583E6B00171336 /* AdsResCell.xib */ = {isa = PBXFileReference; lastKnownFileType = file.xib; path = AdsResCell.xib; sourceTree = "<group>"; };
		A1DF543024583E8000171336 /* NearyResView.swift */ = {isa = PBXFileReference; lastKnownFileType = sourcecode.swift; path = NearyResView.swift; sourceTree = "<group>"; };
		A1DF543224583E8E00171336 /* NearyResCell.swift */ = {isa = PBXFileReference; lastKnownFileType = sourcecode.swift; path = NearyResCell.swift; sourceTree = "<group>"; };
		A1DF543424583E9A00171336 /* NearyResCell.xib */ = {isa = PBXFileReference; lastKnownFileType = file.xib; path = NearyResCell.xib; sourceTree = "<group>"; };
		A1DF543624583EBD00171336 /* CategoryResView.swift */ = {isa = PBXFileReference; lastKnownFileType = sourcecode.swift; path = CategoryResView.swift; sourceTree = "<group>"; };
		A1DF543824583ECF00171336 /* CategoryResCell.swift */ = {isa = PBXFileReference; lastKnownFileType = sourcecode.swift; path = CategoryResCell.swift; sourceTree = "<group>"; };
		A1DF543A24583ED800171336 /* CategoryResCell.xib */ = {isa = PBXFileReference; lastKnownFileType = file.xib; path = CategoryResCell.xib; sourceTree = "<group>"; };
		A1DF543C24583EE500171336 /* NationalResView.swift */ = {isa = PBXFileReference; lastKnownFileType = sourcecode.swift; path = NationalResView.swift; sourceTree = "<group>"; };
		A1DF543E24583EF600171336 /* NationalResCell.swift */ = {isa = PBXFileReference; lastKnownFileType = sourcecode.swift; path = NationalResCell.swift; sourceTree = "<group>"; };
		A1DF544024583EFE00171336 /* NationalResCell.xib */ = {isa = PBXFileReference; lastKnownFileType = file.xib; path = NationalResCell.xib; sourceTree = "<group>"; };
/* End PBXFileReference section */

/* Begin PBXFrameworksBuildPhase section */
		A1DF53FE2458392600171336 /* Frameworks */ = {
			isa = PBXFrameworksBuildPhase;
			buildActionMask = 2147483647;
			files = (
			);
			runOnlyForDeploymentPostprocessing = 0;
		};
/* End PBXFrameworksBuildPhase section */

/* Begin PBXGroup section */
		A1DF53F82458392600171336 = {
			isa = PBXGroup;
			children = (
				A1DF54032458392600171336 /* POCLandingJa */,
				A1DF54022458392600171336 /* Products */,
			);
			sourceTree = "<group>";
		};
		A1DF54022458392600171336 /* Products */ = {
			isa = PBXGroup;
			children = (
				A1DF54012458392600171336 /* POCLandingJa.app */,
			);
			name = Products;
			sourceTree = "<group>";
		};
		A1DF54032458392600171336 /* POCLandingJa */ = {
			isa = PBXGroup;
			children = (
				A1DF541A245839BC00171336 /* SuggestionRes */,
				A1DF541B245839CB00171336 /* AdsRes */,
				A1DF541C245839D900171336 /* NearyRes */,
				A1DF541D24583A5900171336 /* CategoryRes */,
				A1DF541E24583AA600171336 /* NationalRes */,
				A1DF54042458392600171336 /* AppDelegate.swift */,
				A1DF54062458392600171336 /* SceneDelegate.swift */,
				A1DF54082458392600171336 /* ViewController.swift */,
				A1DF540A2458392600171336 /* Main.storyboard */,
				A1DF540D2458392800171336 /* Assets.xcassets */,
				A1DF540F2458392800171336 /* LaunchScreen.storyboard */,
				A1DF54122458392800171336 /* Info.plist */,
			);
			path = POCLandingJa;
			sourceTree = "<group>";
		};
		A1DF541A245839BC00171336 /* SuggestionRes */ = {
			isa = PBXGroup;
			children = (
				A1DF542424583B6900171336 /* SuggestionResView.swift */,
				A161030C245922E7009747C7 /* SuggestionResView.xib */,
				A1DF541F24583AD600171336 /* SuggestionResCell */,
			);
			path = SuggestionRes;
			sourceTree = "<group>";
		};
		A1DF541B245839CB00171336 /* AdsRes */ = {
			isa = PBXGroup;
			children = (
				A1DF542A24583E4900171336 /* AdsResView.swift */,
				A161030E2459230F009747C7 /* AdsResView.xib */,
				A1DF542024583AE200171336 /* AdsResCell */,
			);
			path = AdsRes;
			sourceTree = "<group>";
		};
		A1DF541C245839D900171336 /* NearyRes */ = {
			isa = PBXGroup;
			children = (
				A1DF543024583E8000171336 /* NearyResView.swift */,
				A161031024592322009747C7 /* NearyResView.xib */,
				A1DF542124583AF100171336 /* NearyResCell */,
			);
			path = NearyRes;
			sourceTree = "<group>";
		};
		A1DF541D24583A5900171336 /* CategoryRes */ = {
			isa = PBXGroup;
			children = (
				A1DF543624583EBD00171336 /* CategoryResView.swift */,
				A161031224592331009747C7 /* CategoryResView.xib */,
				A1DF542324583B0500171336 /* CategoryResCell */,
			);
			path = CategoryRes;
			sourceTree = "<group>";
		};
		A1DF541E24583AA600171336 /* NationalRes */ = {
			isa = PBXGroup;
			children = (
				A1DF543C24583EE500171336 /* NationalResView.swift */,
				A161031424592342009747C7 /* NationalResView.xib */,
				A1DF542224583AFB00171336 /* NationalResCell */,
			);
			path = NationalRes;
			sourceTree = "<group>";
		};
		A1DF541F24583AD600171336 /* SuggestionResCell */ = {
			isa = PBXGroup;
			children = (
				A1DF542824583B8C00171336 /* SuggestionResCell.swift */,
				A1DF542624583B7F00171336 /* SuggestionResCell.xib */,
			);
			path = SuggestionResCell;
			sourceTree = "<group>";
		};
		A1DF542024583AE200171336 /* AdsResCell */ = {
			isa = PBXGroup;
			children = (
				A1DF542C24583E5900171336 /* AdsResCell.swift */,
				A1DF542E24583E6B00171336 /* AdsResCell.xib */,
			);
			path = AdsResCell;
			sourceTree = "<group>";
		};
		A1DF542124583AF100171336 /* NearyResCell */ = {
			isa = PBXGroup;
			children = (
				A1DF543224583E8E00171336 /* NearyResCell.swift */,
				A1DF543424583E9A00171336 /* NearyResCell.xib */,
			);
			path = NearyResCell;
			sourceTree = "<group>";
		};
		A1DF542224583AFB00171336 /* NationalResCell */ = {
			isa = PBXGroup;
			children = (
				A1DF543E24583EF600171336 /* NationalResCell.swift */,
				A1DF544024583EFE00171336 /* NationalResCell.xib */,
			);
			path = NationalResCell;
			sourceTree = "<group>";
		};
		A1DF542324583B0500171336 /* CategoryResCell */ = {
			isa = PBXGroup;
			children = (
				A1DF543824583ECF00171336 /* CategoryResCell.swift */,
				A1DF543A24583ED800171336 /* CategoryResCell.xib */,
			);
			path = CategoryResCell;
			sourceTree = "<group>";
		};
/* End PBXGroup section */

/* Begin PBXNativeTarget section */
		A1DF54002458392600171336 /* POCLandingJa */ = {
			isa = PBXNativeTarget;
			buildConfigurationList = A1DF54152458392800171336 /* Build configuration list for PBXNativeTarget "POCLandingJa" */;
			buildPhases = (
				A1DF53FD2458392600171336 /* Sources */,
				A1DF53FE2458392600171336 /* Frameworks */,
				A1DF53FF2458392600171336 /* Resources */,
			);
			buildRules = (
			);
			dependencies = (
			);
			name = POCLandingJa;
			productName = POCLandingJa;
			productReference = A1DF54012458392600171336 /* POCLandingJa.app */;
			productType = "com.apple.product-type.application";
		};
/* End PBXNativeTarget section */

/* Begin PBXProject section */
		A1DF53F92458392600171336 /* Project object */ = {
			isa = PBXProject;
			attributes = {
				LastSwiftUpdateCheck = 1120;
				LastUpgradeCheck = 1120;
				ORGANIZATIONNAME = "CHAIWAT CHANTHASEN";
				TargetAttributes = {
					A1DF54002458392600171336 = {
						CreatedOnToolsVersion = 11.2.1;
					};
				};
			};
			buildConfigurationList = A1DF53FC2458392600171336 /* Build configuration list for PBXProject "POCLandingJa" */;
			compatibilityVersion = "Xcode 9.3";
			developmentRegion = en;
			hasScannedForEncodings = 0;
			knownRegions = (
				en,
				Base,
			);
			mainGroup = A1DF53F82458392600171336;
			productRefGroup = A1DF54022458392600171336 /* Products */;
			projectDirPath = "";
			projectRoot = "";
			targets = (
				A1DF54002458392600171336 /* POCLandingJa */,
			);
		};
/* End PBXProject section */

/* Begin PBXResourcesBuildPhase section */
		A1DF53FF2458392600171336 /* Resources */ = {
			isa = PBXResourcesBuildPhase;
			buildActionMask = 2147483647;
			files = (
				A161030F2459230F009747C7 /* AdsResView.xib in Resources */,
				A1DF543B24583ED800171336 /* CategoryResCell.xib in Resources */,
				A1DF543524583E9A00171336 /* NearyResCell.xib in Resources */,
				A1DF542F24583E6B00171336 /* AdsResCell.xib in Resources */,
				A1DF542724583B7F00171336 /* SuggestionResCell.xib in Resources */,
				A1DF544124583EFE00171336 /* NationalResCell.xib in Resources */,
				A161031124592322009747C7 /* NearyResView.xib in Resources */,
				A161031324592331009747C7 /* CategoryResView.xib in Resources */,
				A1DF54112458392800171336 /* LaunchScreen.storyboard in Resources */,
				A161031524592342009747C7 /* NationalResView.xib in Resources */,
				A1DF540E2458392800171336 /* Assets.xcassets in Resources */,
				A1DF540C2458392600171336 /* Main.storyboard in Resources */,
				A161030D245922E7009747C7 /* SuggestionResView.xib in Resources */,
			);
			runOnlyForDeploymentPostprocessing = 0;
		};
/* End PBXResourcesBuildPhase section */

/* Begin PBXSourcesBuildPhase section */
		A1DF53FD2458392600171336 /* Sources */ = {
			isa = PBXSourcesBuildPhase;
			buildActionMask = 2147483647;
			files = (
				A1DF543324583E8E00171336 /* NearyResCell.swift in Sources */,
				A1DF543924583ECF00171336 /* CategoryResCell.swift in Sources */,
				A1DF54092458392600171336 /* ViewController.swift in Sources */,
				A1DF54052458392600171336 /* AppDelegate.swift in Sources */,
				A1DF54072458392600171336 /* SceneDelegate.swift in Sources */,
				A1DF543D24583EE500171336 /* NationalResView.swift in Sources */,
				A1DF542524583B6900171336 /* SuggestionResView.swift in Sources */,
				A1DF542B24583E4900171336 /* AdsResView.swift in Sources */,
				A1DF542D24583E5900171336 /* AdsResCell.swift in Sources */,
				A1DF542924583B8C00171336 /* SuggestionResCell.swift in Sources */,
				A1DF543124583E8000171336 /* NearyResView.swift in Sources */,
				A1DF543F24583EF600171336 /* NationalResCell.swift in Sources */,
				A1DF543724583EBD00171336 /* CategoryResView.swift in Sources */,
			);
			runOnlyForDeploymentPostprocessing = 0;
		};
/* End PBXSourcesBuildPhase section */

/* Begin PBXVariantGroup section */
		A1DF540A2458392600171336 /* Main.storyboard */ = {
			isa = PBXVariantGroup;
			children = (
				A1DF540B2458392600171336 /* Base */,
			);
			name = Main.storyboard;
			sourceTree = "<group>";
		};
		A1DF540F2458392800171336 /* LaunchScreen.storyboard */ = {
			isa = PBXVariantGroup;
			children = (
				A1DF54102458392800171336 /* Base */,
			);
			name = LaunchScreen.storyboard;
			sourceTree = "<group>";
		};
/* End PBXVariantGroup section */

/* Begin XCBuildConfiguration section */
		A1DF54132458392800171336 /* Debug */ = {
			isa = XCBuildConfiguration;
			buildSettings = {
				ALWAYS_SEARCH_USER_PATHS = NO;
				CLANG_ANALYZER_NONNULL = YES;
				CLANG_ANALYZER_NUMBER_OBJECT_CONVERSION = YES_AGGRESSIVE;
				CLANG_CXX_LANGUAGE_STANDARD = "gnu++14";
				CLANG_CXX_LIBRARY = "libc++";
				CLANG_ENABLE_MODULES = YES;
				CLANG_ENABLE_OBJC_ARC = YES;
				CLANG_ENABLE_OBJC_WEAK = YES;
				CLANG_WARN_BLOCK_CAPTURE_AUTORELEASING = YES;
				CLANG_WARN_BOOL_CONVERSION = YES;
				CLANG_WARN_COMMA = YES;
				CLANG_WARN_CONSTANT_CONVERSION = YES;
				CLANG_WARN_DEPRECATED_OBJC_IMPLEMENTATIONS = YES;
				CLANG_WARN_DIRECT_OBJC_ISA_USAGE = YES_ERROR;
				CLANG_WARN_DOCUMENTATION_COMMENTS = YES;
				CLANG_WARN_EMPTY_BODY = YES;
				CLANG_WARN_ENUM_CONVERSION = YES;
				CLANG_WARN_INFINITE_RECURSION = YES;
				CLANG_WARN_INT_CONVERSION = YES;
				CLANG_WARN_NON_LITERAL_NULL_CONVERSION = YES;
				CLANG_WARN_OBJC_IMPLICIT_RETAIN_SELF = YES;
				CLANG_WARN_OBJC_LITERAL_CONVERSION = YES;
				CLANG_WARN_OBJC_ROOT_CLASS = YES_ERROR;
				CLANG_WARN_RANGE_LOOP_ANALYSIS = YES;
				CLANG_WARN_STRICT_PROTOTYPES = YES;
				CLANG_WARN_SUSPICIOUS_MOVE = YES;
				CLANG_WARN_UNGUARDED_AVAILABILITY = YES_AGGRESSIVE;
				CLANG_WARN_UNREACHABLE_CODE = YES;
				CLANG_WARN__DUPLICATE_METHOD_MATCH = YES;
				COPY_PHASE_STRIP = NO;
				DEBUG_INFORMATION_FORMAT = dwarf;
				ENABLE_STRICT_OBJC_MSGSEND = YES;
				ENABLE_TESTABILITY = YES;
				GCC_C_LANGUAGE_STANDARD = gnu11;
				GCC_DYNAMIC_NO_PIC = NO;
				GCC_NO_COMMON_BLOCKS = YES;
				GCC_OPTIMIZATION_LEVEL = 0;
				GCC_PREPROCESSOR_DEFINITIONS = (
					"DEBUG=1",
					"$(inherited)",
				);
				GCC_WARN_64_TO_32_BIT_CONVERSION = YES;
				GCC_WARN_ABOUT_RETURN_TYPE = YES_ERROR;
				GCC_WARN_UNDECLARED_SELECTOR = YES;
				GCC_WARN_UNINITIALIZED_AUTOS = YES_AGGRESSIVE;
				GCC_WARN_UNUSED_FUNCTION = YES;
				GCC_WARN_UNUSED_VARIABLE = YES;
				IPHONEOS_DEPLOYMENT_TARGET = 13.2;
				MTL_ENABLE_DEBUG_INFO = INCLUDE_SOURCE;
				MTL_FAST_MATH = YES;
				ONLY_ACTIVE_ARCH = YES;
				SDKROOT = iphoneos;
				SWIFT_ACTIVE_COMPILATION_CONDITIONS = DEBUG;
				SWIFT_OPTIMIZATION_LEVEL = "-Onone";
			};
			name = Debug;
		};
		A1DF54142458392800171336 /* Release */ = {
			isa = XCBuildConfiguration;
			buildSettings = {
				ALWAYS_SEARCH_USER_PATHS = NO;
				CLANG_ANALYZER_NONNULL = YES;
				CLANG_ANALYZER_NUMBER_OBJECT_CONVERSION = YES_AGGRESSIVE;
				CLANG_CXX_LANGUAGE_STANDARD = "gnu++14";
				CLANG_CXX_LIBRARY = "libc++";
				CLANG_ENABLE_MODULES = YES;
				CLANG_ENABLE_OBJC_ARC = YES;
				CLANG_ENABLE_OBJC_WEAK = YES;
				CLANG_WARN_BLOCK_CAPTURE_AUTORELEASING = YES;
				CLANG_WARN_BOOL_CONVERSION = YES;
				CLANG_WARN_COMMA = YES;
				CLANG_WARN_CONSTANT_CONVERSION = YES;
				CLANG_WARN_DEPRECATED_OBJC_IMPLEMENTATIONS = YES;
				CLANG_WARN_DIRECT_OBJC_ISA_USAGE = YES_ERROR;
				CLANG_WARN_DOCUMENTATION_COMMENTS = YES;
				CLANG_WARN_EMPTY_BODY = YES;
				CLANG_WARN_ENUM_CONVERSION = YES;
				CLANG_WARN_INFINITE_RECURSION = YES;
				CLANG_WARN_INT_CONVERSION = YES;
				CLANG_WARN_NON_LITERAL_NULL_CONVERSION = YES;
				CLANG_WARN_OBJC_IMPLICIT_RETAIN_SELF = YES;
				CLANG_WARN_OBJC_LITERAL_CONVERSION = YES;
				CLANG_WARN_OBJC_ROOT_CLASS = YES_ERROR;
				CLANG_WARN_RANGE_LOOP_ANALYSIS = YES;
				CLANG_WARN_STRICT_PROTOTYPES = YES;
				CLANG_WARN_SUSPICIOUS_MOVE = YES;
				CLANG_WARN_UNGUARDED_AVAILABILITY = YES_AGGRESSIVE;
				CLANG_WARN_UNREACHABLE_CODE = YES;
				CLANG_WARN__DUPLICATE_METHOD_MATCH = YES;
				COPY_PHASE_STRIP = NO;
				DEBUG_INFORMATION_FORMAT = "dwarf-with-dsym";
				ENABLE_NS_ASSERTIONS = NO;
				ENABLE_STRICT_OBJC_MSGSEND = YES;
				GCC_C_LANGUAGE_STANDARD = gnu11;
				GCC_NO_COMMON_BLOCKS = YES;
				GCC_WARN_64_TO_32_BIT_CONVERSION = YES;
				GCC_WARN_ABOUT_RETURN_TYPE = YES_ERROR;
				GCC_WARN_UNDECLARED_SELECTOR = YES;
				GCC_WARN_UNINITIALIZED_AUTOS = YES_AGGRESSIVE;
				GCC_WARN_UNUSED_FUNCTION = YES;
				GCC_WARN_UNUSED_VARIABLE = YES;
				IPHONEOS_DEPLOYMENT_TARGET = 13.2;
				MTL_ENABLE_DEBUG_INFO = NO;
				MTL_FAST_MATH = YES;
				SDKROOT = iphoneos;
				SWIFT_COMPILATION_MODE = wholemodule;
				SWIFT_OPTIMIZATION_LEVEL = "-O";
				VALIDATE_PRODUCT = YES;
			};
			name = Release;
		};
		A1DF54162458392800171336 /* Debug */ = {
			isa = XCBuildConfiguration;
			buildSettings = {
				ASSETCATALOG_COMPILER_APPICON_NAME = AppIcon;
				CODE_SIGN_STYLE = Automatic;
				INFOPLIST_FILE = POCLandingJa/Info.plist;
				LD_RUNPATH_SEARCH_PATHS = (
					"$(inherited)",
					"@executable_path/Frameworks",
				);
				PRODUCT_BUNDLE_IDENTIFIER = eiei.POCLandingJa;
				PRODUCT_NAME = "$(TARGET_NAME)";
				SWIFT_VERSION = 5.0;
				TARGETED_DEVICE_FAMILY = "1,2";
			};
			name = Debug;
		};
		A1DF54172458392800171336 /* Release */ = {
			isa = XCBuildConfiguration;
			buildSettings = {
				ASSETCATALOG_COMPILER_APPICON_NAME = AppIcon;
				CODE_SIGN_STYLE = Automatic;
				INFOPLIST_FILE = POCLandingJa/Info.plist;
				LD_RUNPATH_SEARCH_PATHS = (
					"$(inherited)",
					"@executable_path/Frameworks",
				);
				PRODUCT_BUNDLE_IDENTIFIER = eiei.POCLandingJa;
				PRODUCT_NAME = "$(TARGET_NAME)";
				SWIFT_VERSION = 5.0;
				TARGETED_DEVICE_FAMILY = "1,2";
			};
			name = Release;
		};
/* End XCBuildConfiguration section */

/* Begin XCConfigurationList section */
		A1DF53FC2458392600171336 /* Build configuration list for PBXProject "POCLandingJa" */ = {
			isa = XCConfigurationList;
			buildConfigurations = (
				A1DF54132458392800171336 /* Debug */,
				A1DF54142458392800171336 /* Release */,
			);
			defaultConfigurationIsVisible = 0;
			defaultConfigurationName = Release;
		};
		A1DF54152458392800171336 /* Build configuration list for PBXNativeTarget "POCLandingJa" */ = {
			isa = XCConfigurationList;
			buildConfigurations = (
				A1DF54162458392800171336 /* Debug */,
				A1DF54172458392800171336 /* Release */,
			);
			defaultConfigurationIsVisible = 0;
			defaultConfigurationName = Release;
		};
/* End XCConfigurationList section */
	};
	rootObject = A1DF53F92458392600171336 /* Project object */;
}
